
Microsoft Visual Studio Solution File, Format Version 12.00
# Visual Studio 15
VisualStudioVersion = 15.0.26730.8
MinimumVisualStudioVersion = 10.0.40219.1
Project("{FAE04EC0-301F-11D3-BF4B-00C04F79EFBC}") = "FactoryPattern", "FactoryPattern\FactoryPattern.csproj", "{F4EC23F1-8CC6-4C7E-81BD-01C6888C7657}"
EndProject
Project("{FAE04EC0-301F-11D3-BF4B-00C04F79EFBC}") = "DuckSimulator", "DuckSimulator\DuckSimulator.csproj", "{6C96A3DE-759C-41FD-8808-5F2338883683}"
EndProject
Project("{FAE04EC0-301F-11D3-BF4B-00C04F79EFBC}") = "FileSaveStrategy", "FileSaveStrategy\FileSaveStrategy.csproj", "{86C4C264-E211-4C0A-B394-B6554A7E34FD}"
EndProject
Project("{FAE04EC0-301F-11D3-BF4B-00C04F79EFBC}") = "FileSaveStrategyClient", "FileSaveStrategyClient\FileSaveStrategyClient.csproj", "{52A8B5F3-9DDB-46EE-B63A-9D9560CC4FF3}"
EndProject
Global
	GlobalSection(SolutionConfigurationPlatforms) = preSolution
		Debug|Any CPU = Debug|Any CPU
		Release|Any CPU = Release|Any CPU
	EndGlobalSection
	GlobalSection(ProjectConfigurationPlatforms) = postSolution
		{F4EC23F1-8CC6-4C7E-81BD-01C6888C7657}.Debug|Any CPU.ActiveCfg = Debug|Any CPU
		{F4EC23F1-8CC6-4C7E-81BD-01C6888C7657}.Debug|Any CPU.Build.0 = Debug|Any CPU
		{F4EC23F1-8CC6-4C7E-81BD-01C6888C7657}.Release|Any CPU.ActiveCfg = Release|Any CPU
		{F4EC23F1-8CC6-4C7E-81BD-01C6888C7657}.Release|Any CPU.Build.0 = Release|Any CPU
		{6C96A3DE-759C-41FD-8808-5F2338883683}.Debug|Any CPU.ActiveCfg = Debug|Any CPU
		{6C96A3DE-759C-41FD-8808-5F2338883683}.Debug|Any CPU.Build.0 = Debug|Any CPU
		{6C96A3DE-759C-41FD-8808-5F2338883683}.Release|Any CPU.ActiveCfg = Release|Any CPU
		{6C96A3DE-759C-41FD-8808-5F2338883683}.Release|Any CPU.Build.0 = Release|Any CPU
		{86C4C264-E211-4C0A-B394-B6554A7E34FD}.Debug|Any CPU.ActiveCfg = Debug|Any CPU
		{86C4C264-E211-4C0A-B394-B6554A7E34FD}.Debug|Any CPU.Build.0 = Debug|Any CPU
		{86C4C264-E211-4C0A-B394-B6554A7E34FD}.Release|Any CPU.ActiveCfg = Release|Any CPU
		{86C4C264-E211-4C0A-B394-B6554A7E34FD}.Release|Any CPU.Build.0 = Release|Any CPU
		{52A8B5F3-9DDB-46EE-B63A-9D9560CC4FF3}.Debug|Any CPU.ActiveCfg = Debug|Any CPU
		{52A8B5F3-9DDB-46EE-B63A-9D9560CC4FF3}.Debug|Any CPU.Build.0 = Debug|Any CPU
		{52A8B5F3-9DDB-46EE-B63A-9D9560CC4FF3}.Release|Any CPU.ActiveCfg = Release|Any CPU
		{52A8B5F3-9DDB-46EE-B63A-9D9560CC4FF3}.Release|Any CPU.Build.0 = Release|Any CPU
	EndGlobalSection
	GlobalSection(SolutionProperties) = preSolution
		HideSolutionNode = FALSE
	EndGlobalSection
	GlobalSection(ExtensibilityGlobals) = postSolution
		SolutionGuid = {D5AEF769-36F4-4E73-8032-C60E4EEF5BD2}
	EndGlobalSection
EndGlobal
