
Microsoft Visual Studio Solution File, Format Version 12.00
# Visual Studio 15
VisualStudioVersion = 15.0.27110.0
MinimumVisualStudioVersion = 10.0.40219.1
Project("{FAE04EC0-301F-11D3-BF4B-00C04F79EFBC}") = "FunctionalCurry", "FunctionalCurry\FunctionalCurry.csproj", "{6E3C1A67-7A3D-49D5-BFBC-3DFD9BDBB58B}"
EndProject
Global
	GlobalSection(SolutionConfigurationPlatforms) = preSolution
		Debug|Any CPU = Debug|Any CPU
		Release|Any CPU = Release|Any CPU
	EndGlobalSection
	GlobalSection(ProjectConfigurationPlatforms) = postSolution
		{6E3C1A67-7A3D-49D5-BFBC-3DFD9BDBB58B}.Debug|Any CPU.ActiveCfg = Debug|Any CPU
		{6E3C1A67-7A3D-49D5-BFBC-3DFD9BDBB58B}.Debug|Any CPU.Build.0 = Debug|Any CPU
		{6E3C1A67-7A3D-49D5-BFBC-3DFD9BDBB58B}.Release|Any CPU.ActiveCfg = Release|Any CPU
		{6E3C1A67-7A3D-49D5-BFBC-3DFD9BDBB58B}.Release|Any CPU.Build.0 = Release|Any CPU
	EndGlobalSection
	GlobalSection(SolutionProperties) = preSolution
		HideSolutionNode = FALSE
	EndGlobalSection
	GlobalSection(ExtensibilityGlobals) = postSolution
		SolutionGuid = {BEE1B3C3-9896-428F-B969-08C90791A66C}
	EndGlobalSection
EndGlobal
