
Microsoft Visual Studio Solution File, Format Version 12.00
# Visual Studio 2012
Project("{FAE04EC0-301F-11D3-BF4B-00C04F79EFBC}") = "FunctionalProgramming", "FunctionalProgramming\FunctionalProgramming.csproj", "{16FF60F4-714B-4F65-BCAA-DECBC4591EFF}"
EndProject
Project("{FAE04EC0-301F-11D3-BF4B-00C04F79EFBC}") = "NonFunctionalProgramming", "NonFunctionalProgramming\NonFunctionalProgramming.csproj", "{B939CD01-DC7D-401E-957D-2BDFDAC30FCA}"
EndProject
Project("{FAE04EC0-301F-11D3-BF4B-00C04F79EFBC}") = "LINQSample", "LINQSample\LINQSample.csproj", "{59B39601-670F-49C7-A305-5AC3F7F7C6DD}"
EndProject
Global
	GlobalSection(SolutionConfigurationPlatforms) = preSolution
		Debug|x86 = Debug|x86
		Release|x86 = Release|x86
	EndGlobalSection
	GlobalSection(ProjectConfigurationPlatforms) = postSolution
		{16FF60F4-714B-4F65-BCAA-DECBC4591EFF}.Debug|x86.ActiveCfg = Debug|x86
		{16FF60F4-714B-4F65-BCAA-DECBC4591EFF}.Debug|x86.Build.0 = Debug|x86
		{16FF60F4-714B-4F65-BCAA-DECBC4591EFF}.Release|x86.ActiveCfg = Release|x86
		{16FF60F4-714B-4F65-BCAA-DECBC4591EFF}.Release|x86.Build.0 = Release|x86
		{B939CD01-DC7D-401E-957D-2BDFDAC30FCA}.Debug|x86.ActiveCfg = Debug|x86
		{B939CD01-DC7D-401E-957D-2BDFDAC30FCA}.Debug|x86.Build.0 = Debug|x86
		{B939CD01-DC7D-401E-957D-2BDFDAC30FCA}.Release|x86.ActiveCfg = Release|x86
		{B939CD01-DC7D-401E-957D-2BDFDAC30FCA}.Release|x86.Build.0 = Release|x86
		{59B39601-670F-49C7-A305-5AC3F7F7C6DD}.Debug|x86.ActiveCfg = Debug|x86
		{59B39601-670F-49C7-A305-5AC3F7F7C6DD}.Debug|x86.Build.0 = Debug|x86
		{59B39601-670F-49C7-A305-5AC3F7F7C6DD}.Release|x86.ActiveCfg = Release|x86
		{59B39601-670F-49C7-A305-5AC3F7F7C6DD}.Release|x86.Build.0 = Release|x86
	EndGlobalSection
EndGlobal
